// !$*UTF8*$!
{
	archiveVersion = 1;
	classes = {
	};
	objectVersion = 51;
	objects = {

/* Begin PBXBuildFile section */
		C64570C0241A5D7E00D6C003 /* LivesView.swift in Sources */ = {isa = PBXBuildFile; fileRef = C64570BF241A5D7E00D6C003 /* LivesView.swift */; };
		C6FF687D2417692E008F9B02 /* VirusSpriteView.swift in Sources */ = {isa = PBXBuildFile; fileRef = C6FF686D2417692D008F9B02 /* VirusSpriteView.swift */; };
		C6FF687E2417692E008F9B02 /* CollideTypes.swift in Sources */ = {isa = PBXBuildFile; fileRef = C6FF686F2417692D008F9B02 /* CollideTypes.swift */; };
		C6FF687F2417692E008F9B02 /* Assets.xcassets in Resources */ = {isa = PBXBuildFile; fileRef = C6FF68712417692E008F9B02 /* Assets.xcassets */; };
		C6FF68802417692E008F9B02 /* ViewController.swift in Sources */ = {isa = PBXBuildFile; fileRef = C6FF68732417692E008F9B02 /* ViewController.swift */; };
		C6FF68822417692E008F9B02 /* LaunchScreen.storyboard in Resources */ = {isa = PBXBuildFile; fileRef = C6FF68772417692E008F9B02 /* LaunchScreen.storyboard */; };
		C6FF68832417692E008F9B02 /* Main.storyboard in Resources */ = {isa = PBXBuildFile; fileRef = C6FF68792417692E008F9B02 /* Main.storyboard */; };
		C6FF68842417692E008F9B02 /* AppDelegate.swift in Sources */ = {isa = PBXBuildFile; fileRef = C6FF687C2417692E008F9B02 /* AppDelegate.swift */; };
		C6FF688B2418929B008F9B02 /* StreamBackgroundView.swift in Sources */ = {isa = PBXBuildFile; fileRef = C6FF688A2418929B008F9B02 /* StreamBackgroundView.swift */; };
		C6FF688D2418DF3B008F9B02 /* FireSpriteView.swift in Sources */ = {isa = PBXBuildFile; fileRef = C6FF688C2418DF3B008F9B02 /* FireSpriteView.swift */; };
		F1B8D002087A963564ABE0AB /* Pods_Virus.framework in Frameworks */ = {isa = PBXBuildFile; fileRef = E5931627F095129915EA8B5A /* Pods_Virus.framework */; };
/* End PBXBuildFile section */

/* Begin PBXFileReference section */
		29FA8776D268F817CEB7296F /* Pods-Virus.release.xcconfig */ = {isa = PBXFileReference; includeInIndex = 1; lastKnownFileType = text.xcconfig; name = "Pods-Virus.release.xcconfig"; path = "Target Support Files/Pods-Virus/Pods-Virus.release.xcconfig"; sourceTree = "<group>"; };
		55C5C79E7178BF4EA838652A /* Pods-Virus.debug.xcconfig */ = {isa = PBXFileReference; includeInIndex = 1; lastKnownFileType = text.xcconfig; name = "Pods-Virus.debug.xcconfig"; path = "Target Support Files/Pods-Virus/Pods-Virus.debug.xcconfig"; sourceTree = "<group>"; };
		C64570BF241A5D7E00D6C003 /* LivesView.swift */ = {isa = PBXFileReference; fileEncoding = 4; lastKnownFileType = sourcecode.swift; path = LivesView.swift; sourceTree = "<group>"; };
		C6FF68542417683C008F9B02 /* Virus.app */ = {isa = PBXFileReference; explicitFileType = wrapper.application; includeInIndex = 0; path = Virus.app; sourceTree = BUILT_PRODUCTS_DIR; };
		C6FF686D2417692D008F9B02 /* VirusSpriteView.swift */ = {isa = PBXFileReference; fileEncoding = 4; lastKnownFileType = sourcecode.swift; path = VirusSpriteView.swift; sourceTree = "<group>"; };
		C6FF686F2417692D008F9B02 /* CollideTypes.swift */ = {isa = PBXFileReference; fileEncoding = 4; lastKnownFileType = sourcecode.swift; path = CollideTypes.swift; sourceTree = "<group>"; };
		C6FF68712417692E008F9B02 /* Assets.xcassets */ = {isa = PBXFileReference; lastKnownFileType = folder.assetcatalog; path = Assets.xcassets; sourceTree = "<group>"; };
		C6FF68732417692E008F9B02 /* ViewController.swift */ = {isa = PBXFileReference; fileEncoding = 4; lastKnownFileType = sourcecode.swift; path = ViewController.swift; sourceTree = "<group>"; };
		C6FF68752417692E008F9B02 /* Info.plist */ = {isa = PBXFileReference; fileEncoding = 4; lastKnownFileType = text.plist.xml; path = Info.plist; sourceTree = "<group>"; };
		C6FF68782417692E008F9B02 /* Base */ = {isa = PBXFileReference; lastKnownFileType = file.storyboard; name = Base; path = Base.lproj/LaunchScreen.storyboard; sourceTree = "<group>"; };
		C6FF687A2417692E008F9B02 /* Base */ = {isa = PBXFileReference; lastKnownFileType = file.storyboard; name = Base; path = Base.lproj/Main.storyboard; sourceTree = "<group>"; };
		C6FF687C2417692E008F9B02 /* AppDelegate.swift */ = {isa = PBXFileReference; fileEncoding = 4; lastKnownFileType = sourcecode.swift; path = AppDelegate.swift; sourceTree = "<group>"; };
		C6FF688A2418929B008F9B02 /* StreamBackgroundView.swift */ = {isa = PBXFileReference; lastKnownFileType = sourcecode.swift; path = StreamBackgroundView.swift; sourceTree = "<group>"; };
		C6FF688C2418DF3B008F9B02 /* FireSpriteView.swift */ = {isa = PBXFileReference; lastKnownFileType = sourcecode.swift; path = FireSpriteView.swift; sourceTree = "<group>"; };
		E5931627F095129915EA8B5A /* Pods_Virus.framework */ = {isa = PBXFileReference; explicitFileType = wrapper.framework; includeInIndex = 0; path = Pods_Virus.framework; sourceTree = BUILT_PRODUCTS_DIR; };
/* End PBXFileReference section */

/* Begin PBXFrameworksBuildPhase section */
		C6FF68512417683C008F9B02 /* Frameworks */ = {
			isa = PBXFrameworksBuildPhase;
			buildActionMask = 2147483647;
			files = (
				F1B8D002087A963564ABE0AB /* Pods_Virus.framework in Frameworks */,
			);
			runOnlyForDeploymentPostprocessing = 0;
		};
/* End PBXFrameworksBuildPhase section */

/* Begin PBXGroup section */
		32933C867A6F05E99E39480B /* Frameworks */ = {
			isa = PBXGroup;
			children = (
				E5931627F095129915EA8B5A /* Pods_Virus.framework */,
			);
			name = Frameworks;
			sourceTree = "<group>";
		};
		54EE287519BDA70BEAA330CC /* Pods */ = {
			isa = PBXGroup;
			children = (
				55C5C79E7178BF4EA838652A /* Pods-Virus.debug.xcconfig */,
				29FA8776D268F817CEB7296F /* Pods-Virus.release.xcconfig */,
			);
			path = Pods;
			sourceTree = "<group>";
		};
		C6FF684B2417683C008F9B02 = {
			isa = PBXGroup;
			children = (
				C6FF68562417683C008F9B02 /* Virus */,
				C6FF68552417683C008F9B02 /* Products */,
				54EE287519BDA70BEAA330CC /* Pods */,
				32933C867A6F05E99E39480B /* Frameworks */,
			);
			sourceTree = "<group>";
		};
		C6FF68552417683C008F9B02 /* Products */ = {
			isa = PBXGroup;
			children = (
				C6FF68542417683C008F9B02 /* Virus.app */,
			);
			name = Products;
			sourceTree = "<group>";
		};
		C6FF68562417683C008F9B02 /* Virus */ = {
			isa = PBXGroup;
			children = (
				C6FF687B2417692E008F9B02 /* AppDelegate */,
				C6FF68722417692E008F9B02 /* ViewControllers */,
				C6FF686B2417692D008F9B02 /* Views */,
				C6FF68762417692E008F9B02 /* Storyboards */,
				C6FF686E2417692D008F9B02 /* Helpers */,
				C6FF68702417692E008F9B02 /* Assets */,
				C6FF68742417692E008F9B02 /* SupportFiles */,
			);
			path = Virus;
			sourceTree = "<group>";
		};
		C6FF686B2417692D008F9B02 /* Views */ = {
			isa = PBXGroup;
			children = (
				C6FF689224194D96008F9B02 /* CustomView */,
				C6FF688924189252008F9B02 /* Backgrounds */,
				C6FF686C2417692D008F9B02 /* SpriteViews */,
			);
			path = Views;
			sourceTree = "<group>";
		};
		C6FF686C2417692D008F9B02 /* SpriteViews */ = {
			isa = PBXGroup;
			children = (
				C6FF686D2417692D008F9B02 /* VirusSpriteView.swift */,
				C6FF688C2418DF3B008F9B02 /* FireSpriteView.swift */,
			);
			path = SpriteViews;
			sourceTree = "<group>";
		};
		C6FF686E2417692D008F9B02 /* Helpers */ = {
			isa = PBXGroup;
			children = (
				C6FF686F2417692D008F9B02 /* CollideTypes.swift */,
			);
			path = Helpers;
			sourceTree = "<group>";
		};
		C6FF68702417692E008F9B02 /* Assets */ = {
			isa = PBXGroup;
			children = (
				C6FF68712417692E008F9B02 /* Assets.xcassets */,
			);
			path = Assets;
			sourceTree = "<group>";
		};
		C6FF68722417692E008F9B02 /* ViewControllers */ = {
			isa = PBXGroup;
			children = (
				C64570BF241A5D7E00D6C003 /* LivesView.swift */,
				C6FF68732417692E008F9B02 /* ViewController.swift */,
			);
			path = ViewControllers;
			sourceTree = "<group>";
		};
		C6FF68742417692E008F9B02 /* SupportFiles */ = {
			isa = PBXGroup;
			children = (
				C6FF68752417692E008F9B02 /* Info.plist */,
			);
			path = SupportFiles;
			sourceTree = "<group>";
		};
		C6FF68762417692E008F9B02 /* Storyboards */ = {
			isa = PBXGroup;
			children = (
				C6FF68772417692E008F9B02 /* LaunchScreen.storyboard */,
				C6FF68792417692E008F9B02 /* Main.storyboard */,
			);
			path = Storyboards;
			sourceTree = "<group>";
		};
		C6FF687B2417692E008F9B02 /* AppDelegate */ = {
			isa = PBXGroup;
			children = (
				C6FF687C2417692E008F9B02 /* AppDelegate.swift */,
			);
			path = AppDelegate;
			sourceTree = "<group>";
		};
		C6FF688924189252008F9B02 /* Backgrounds */ = {
			isa = PBXGroup;
			children = (
				C6FF688A2418929B008F9B02 /* StreamBackgroundView.swift */,
			);
			path = Backgrounds;
			sourceTree = "<group>";
		};
		C6FF689224194D96008F9B02 /* CustomView */ = {
			isa = PBXGroup;
			children = (
			);
			path = CustomView;
			sourceTree = "<group>";
		};
/* End PBXGroup section */

/* Begin PBXNativeTarget section */
		C6FF68532417683C008F9B02 /* Virus */ = {
			isa = PBXNativeTarget;
			buildConfigurationList = C6FF68682417683F008F9B02 /* Build configuration list for PBXNativeTarget "Virus" */;
			buildPhases = (
				262765FA92E1E7A2B93E88BD /* [CP] Check Pods Manifest.lock */,
				C6FF68502417683C008F9B02 /* Sources */,
				C6FF68512417683C008F9B02 /* Frameworks */,
				C6FF68522417683C008F9B02 /* Resources */,
				625F09A7F8578A55842E5E13 /* [CP] Embed Pods Frameworks */,
			);
			buildRules = (
			);
			dependencies = (
			);
			name = Virus;
			productName = Virus;
			productReference = C6FF68542417683C008F9B02 /* Virus.app */;
			productType = "com.apple.product-type.application";
		};
/* End PBXNativeTarget section */

/* Begin PBXProject section */
		C6FF684C2417683C008F9B02 /* Project object */ = {
			isa = PBXProject;
			attributes = {
				LastSwiftUpdateCheck = 1130;
				LastUpgradeCheck = 1130;
				ORGANIZATIONNAME = abedalkareem;
				TargetAttributes = {
					C6FF68532417683C008F9B02 = {
						CreatedOnToolsVersion = 11.3.1;
					};
				};
			};
			buildConfigurationList = C6FF684F2417683C008F9B02 /* Build configuration list for PBXProject "Virus" */;
			compatibilityVersion = "Xcode 9.3";
			developmentRegion = en;
			hasScannedForEncodings = 0;
			knownRegions = (
				en,
				Base,
			);
			mainGroup = C6FF684B2417683C008F9B02;
			productRefGroup = C6FF68552417683C008F9B02 /* Products */;
			projectDirPath = "";
			projectRoot = "";
			targets = (
				C6FF68532417683C008F9B02 /* Virus */,
			);
		};
/* End PBXProject section */

/* Begin PBXResourcesBuildPhase section */
		C6FF68522417683C008F9B02 /* Resources */ = {
			isa = PBXResourcesBuildPhase;
			buildActionMask = 2147483647;
			files = (
				C6FF68822417692E008F9B02 /* LaunchScreen.storyboard in Resources */,
				C6FF687F2417692E008F9B02 /* Assets.xcassets in Resources */,
				C6FF68832417692E008F9B02 /* Main.storyboard in Resources */,
			);
			runOnlyForDeploymentPostprocessing = 0;
		};
/* End PBXResourcesBuildPhase section */

/* Begin PBXShellScriptBuildPhase section */
		262765FA92E1E7A2B93E88BD /* [CP] Check Pods Manifest.lock */ = {
			isa = PBXShellScriptBuildPhase;
			buildActionMask = 2147483647;
			files = (
			);
			inputFileListPaths = (
			);
			inputPaths = (
				"${PODS_PODFILE_DIR_PATH}/Podfile.lock",
				"${PODS_ROOT}/Manifest.lock",
			);
			name = "[CP] Check Pods Manifest.lock";
			outputFileListPaths = (
			);
			outputPaths = (
				"$(DERIVED_FILE_DIR)/Pods-Virus-checkManifestLockResult.txt",
			);
			runOnlyForDeploymentPostprocessing = 0;
			shellPath = /bin/sh;
			shellScript = "diff \"${PODS_PODFILE_DIR_PATH}/Podfile.lock\" \"${PODS_ROOT}/Manifest.lock\" > /dev/null\nif [ $? != 0 ] ; then\n    # print error to STDERR\n    echo \"error: The sandbox is not in sync with the Podfile.lock. Run 'pod install' or update your CocoaPods installation.\" >&2\n    exit 1\nfi\n# This output is used by Xcode 'outputs' to avoid re-running this script phase.\necho \"SUCCESS\" > \"${SCRIPT_OUTPUT_FILE_0}\"\n";
			showEnvVarsInLog = 0;
		};
		625F09A7F8578A55842E5E13 /* [CP] Embed Pods Frameworks */ = {
			isa = PBXShellScriptBuildPhase;
			buildActionMask = 2147483647;
			files = (
			);
			inputFileListPaths = (
				"${PODS_ROOT}/Target Support Files/Pods-Virus/Pods-Virus-frameworks-${CONFIGURATION}-input-files.xcfilelist",
			);
			name = "[CP] Embed Pods Frameworks";
			outputFileListPaths = (
				"${PODS_ROOT}/Target Support Files/Pods-Virus/Pods-Virus-frameworks-${CONFIGURATION}-output-files.xcfilelist",
			);
			runOnlyForDeploymentPostprocessing = 0;
			shellPath = /bin/sh;
			shellScript = "\"${PODS_ROOT}/Target Support Files/Pods-Virus/Pods-Virus-frameworks.sh\"\n";
			showEnvVarsInLog = 0;
		};
/* End PBXShellScriptBuildPhase section */

/* Begin PBXSourcesBuildPhase section */
		C6FF68502417683C008F9B02 /* Sources */ = {
			isa = PBXSourcesBuildPhase;
			buildActionMask = 2147483647;
			files = (
				C6FF68842417692E008F9B02 /* AppDelegate.swift in Sources */,
				C6FF68802417692E008F9B02 /* ViewController.swift in Sources */,
				C6FF687E2417692E008F9B02 /* CollideTypes.swift in Sources */,
				C6FF688D2418DF3B008F9B02 /* FireSpriteView.swift in Sources */,
				C6FF688B2418929B008F9B02 /* StreamBackgroundView.swift in Sources */,
				C6FF687D2417692E008F9B02 /* VirusSpriteView.swift in Sources */,
				C64570C0241A5D7E00D6C003 /* LivesView.swift in Sources */,
			);
			runOnlyForDeploymentPostprocessing = 0;
		};
/* End PBXSourcesBuildPhase section */

/* Begin PBXVariantGroup section */
		C6FF68772417692E008F9B02 /* LaunchScreen.storyboard */ = {
			isa = PBXVariantGroup;
			children = (
				C6FF68782417692E008F9B02 /* Base */,
			);
			name = LaunchScreen.storyboard;
			sourceTree = "<group>";
		};
		C6FF68792417692E008F9B02 /* Main.storyboard */ = {
			isa = PBXVariantGroup;
			children = (
				C6FF687A2417692E008F9B02 /* Base */,
			);
			name = Main.storyboard;
			sourceTree = "<group>";
		};
/* End PBXVariantGroup section */

/* Begin XCBuildConfiguration section */
		C6FF68662417683F008F9B02 /* Debug */ = {
			isa = XCBuildConfiguration;
			buildSettings = {
				ALWAYS_SEARCH_USER_PATHS = NO;
				CLANG_ANALYZER_NONNULL = YES;
				CLANG_ANALYZER_NUMBER_OBJECT_CONVERSION = YES_AGGRESSIVE;
				CLANG_CXX_LANGUAGE_STANDARD = "gnu++14";
				CLANG_CXX_LIBRARY = "libc++";
				CLANG_ENABLE_MODULES = YES;
				CLANG_ENABLE_OBJC_ARC = YES;
				CLANG_ENABLE_OBJC_WEAK = YES;
				CLANG_WARN_BLOCK_CAPTURE_AUTORELEASING = YES;
				CLANG_WARN_BOOL_CONVERSION = YES;
				CLANG_WARN_COMMA = YES;
				CLANG_WARN_CONSTANT_CONVERSION = YES;
				CLANG_WARN_DEPRECATED_OBJC_IMPLEMENTATIONS = YES;
				CLANG_WARN_DIRECT_OBJC_ISA_USAGE = YES_ERROR;
				CLANG_WARN_DOCUMENTATION_COMMENTS = YES;
				CLANG_WARN_EMPTY_BODY = YES;
				CLANG_WARN_ENUM_CONVERSION = YES;
				CLANG_WARN_INFINITE_RECURSION = YES;
				CLANG_WARN_INT_CONVERSION = YES;
				CLANG_WARN_NON_LITERAL_NULL_CONVERSION = YES;
				CLANG_WARN_OBJC_IMPLICIT_RETAIN_SELF = YES;
				CLANG_WARN_OBJC_LITERAL_CONVERSION = YES;
				CLANG_WARN_OBJC_ROOT_CLASS = YES_ERROR;
				CLANG_WARN_RANGE_LOOP_ANALYSIS = YES;
				CLANG_WARN_STRICT_PROTOTYPES = YES;
				CLANG_WARN_SUSPICIOUS_MOVE = YES;
				CLANG_WARN_UNGUARDED_AVAILABILITY = YES_AGGRESSIVE;
				CLANG_WARN_UNREACHABLE_CODE = YES;
				CLANG_WARN__DUPLICATE_METHOD_MATCH = YES;
				COPY_PHASE_STRIP = NO;
				DEBUG_INFORMATION_FORMAT = dwarf;
				ENABLE_STRICT_OBJC_MSGSEND = YES;
				ENABLE_TESTABILITY = YES;
				GCC_C_LANGUAGE_STANDARD = gnu11;
				GCC_DYNAMIC_NO_PIC = NO;
				GCC_NO_COMMON_BLOCKS = YES;
				GCC_OPTIMIZATION_LEVEL = 0;
				GCC_PREPROCESSOR_DEFINITIONS = (
					"DEBUG=1",
					"$(inherited)",
				);
				GCC_WARN_64_TO_32_BIT_CONVERSION = YES;
				GCC_WARN_ABOUT_RETURN_TYPE = YES_ERROR;
				GCC_WARN_UNDECLARED_SELECTOR = YES;
				GCC_WARN_UNINITIALIZED_AUTOS = YES_AGGRESSIVE;
				GCC_WARN_UNUSED_FUNCTION = YES;
				GCC_WARN_UNUSED_VARIABLE = YES;
				IPHONEOS_DEPLOYMENT_TARGET = 13.2;
				MTL_ENABLE_DEBUG_INFO = INCLUDE_SOURCE;
				MTL_FAST_MATH = YES;
				ONLY_ACTIVE_ARCH = YES;
				SDKROOT = iphoneos;
				SWIFT_ACTIVE_COMPILATION_CONDITIONS = DEBUG;
				SWIFT_OPTIMIZATION_LEVEL = "-Onone";
			};
			name = Debug;
		};
		C6FF68672417683F008F9B02 /* Release */ = {
			isa = XCBuildConfiguration;
			buildSettings = {
				ALWAYS_SEARCH_USER_PATHS = NO;
				CLANG_ANALYZER_NONNULL = YES;
				CLANG_ANALYZER_NUMBER_OBJECT_CONVERSION = YES_AGGRESSIVE;
				CLANG_CXX_LANGUAGE_STANDARD = "gnu++14";
				CLANG_CXX_LIBRARY = "libc++";
				CLANG_ENABLE_MODULES = YES;
				CLANG_ENABLE_OBJC_ARC = YES;
				CLANG_ENABLE_OBJC_WEAK = YES;
				CLANG_WARN_BLOCK_CAPTURE_AUTORELEASING = YES;
				CLANG_WARN_BOOL_CONVERSION = YES;
				CLANG_WARN_COMMA = YES;
				CLANG_WARN_CONSTANT_CONVERSION = YES;
				CLANG_WARN_DEPRECATED_OBJC_IMPLEMENTATIONS = YES;
				CLANG_WARN_DIRECT_OBJC_ISA_USAGE = YES_ERROR;
				CLANG_WARN_DOCUMENTATION_COMMENTS = YES;
				CLANG_WARN_EMPTY_BODY = YES;
				CLANG_WARN_ENUM_CONVERSION = YES;
				CLANG_WARN_INFINITE_RECURSION = YES;
				CLANG_WARN_INT_CONVERSION = YES;
				CLANG_WARN_NON_LITERAL_NULL_CONVERSION = YES;
				CLANG_WARN_OBJC_IMPLICIT_RETAIN_SELF = YES;
				CLANG_WARN_OBJC_LITERAL_CONVERSION = YES;
				CLANG_WARN_OBJC_ROOT_CLASS = YES_ERROR;
				CLANG_WARN_RANGE_LOOP_ANALYSIS = YES;
				CLANG_WARN_STRICT_PROTOTYPES = YES;
				CLANG_WARN_SUSPICIOUS_MOVE = YES;
				CLANG_WARN_UNGUARDED_AVAILABILITY = YES_AGGRESSIVE;
				CLANG_WARN_UNREACHABLE_CODE = YES;
				CLANG_WARN__DUPLICATE_METHOD_MATCH = YES;
				COPY_PHASE_STRIP = NO;
				DEBUG_INFORMATION_FORMAT = "dwarf-with-dsym";
				ENABLE_NS_ASSERTIONS = NO;
				ENABLE_STRICT_OBJC_MSGSEND = YES;
				GCC_C_LANGUAGE_STANDARD = gnu11;
				GCC_NO_COMMON_BLOCKS = YES;
				GCC_WARN_64_TO_32_BIT_CONVERSION = YES;
				GCC_WARN_ABOUT_RETURN_TYPE = YES_ERROR;
				GCC_WARN_UNDECLARED_SELECTOR = YES;
				GCC_WARN_UNINITIALIZED_AUTOS = YES_AGGRESSIVE;
				GCC_WARN_UNUSED_FUNCTION = YES;
				GCC_WARN_UNUSED_VARIABLE = YES;
				IPHONEOS_DEPLOYMENT_TARGET = 13.2;
				MTL_ENABLE_DEBUG_INFO = NO;
				MTL_FAST_MATH = YES;
				SDKROOT = iphoneos;
				SWIFT_COMPILATION_MODE = wholemodule;
				SWIFT_OPTIMIZATION_LEVEL = "-O";
				VALIDATE_PRODUCT = YES;
			};
			name = Release;
		};
		C6FF68692417683F008F9B02 /* Debug */ = {
			isa = XCBuildConfiguration;
			baseConfigurationReference = 55C5C79E7178BF4EA838652A /* Pods-Virus.debug.xcconfig */;
			buildSettings = {
				ASSETCATALOG_COMPILER_APPICON_NAME = AppIcon;
				CODE_SIGN_STYLE = Automatic;
				DEVELOPMENT_TEAM = H3MRF55H66;
				INFOPLIST_FILE = "$(SRCROOT)/Virus/SupportFiles/Info.plist";
				IPHONEOS_DEPLOYMENT_TARGET = 10.0;
				LD_RUNPATH_SEARCH_PATHS = (
					"$(inherited)",
					"@executable_path/Frameworks",
				);
				PRODUCT_BUNDLE_IDENTIFIER = abedalkareem.Virus;
				PRODUCT_NAME = "$(TARGET_NAME)";
				SWIFT_VERSION = 5.0;
				TARGETED_DEVICE_FAMILY = "1,2";
			};
			name = Debug;
		};
		C6FF686A2417683F008F9B02 /* Release */ = {
			isa = XCBuildConfiguration;
			baseConfigurationReference = 29FA8776D268F817CEB7296F /* Pods-Virus.release.xcconfig */;
			buildSettings = {
				ASSETCATALOG_COMPILER_APPICON_NAME = AppIcon;
				CODE_SIGN_STYLE = Automatic;
				DEVELOPMENT_TEAM = H3MRF55H66;
				INFOPLIST_FILE = "$(SRCROOT)/Virus/SupportFiles/Info.plist";
				IPHONEOS_DEPLOYMENT_TARGET = 10.0;
				LD_RUNPATH_SEARCH_PATHS = (
					"$(inherited)",
					"@executable_path/Frameworks",
				);
				PRODUCT_BUNDLE_IDENTIFIER = abedalkareem.Virus;
				PRODUCT_NAME = "$(TARGET_NAME)";
				SWIFT_VERSION = 5.0;
				TARGETED_DEVICE_FAMILY = "1,2";
			};
			name = Release;
		};
/* End XCBuildConfiguration section */

/* Begin XCConfigurationList section */
		C6FF684F2417683C008F9B02 /* Build configuration list for PBXProject "Virus" */ = {
			isa = XCConfigurationList;
			buildConfigurations = (
				C6FF68662417683F008F9B02 /* Debug */,
				C6FF68672417683F008F9B02 /* Release */,
			);
			defaultConfigurationIsVisible = 0;
			defaultConfigurationName = Release;
		};
		C6FF68682417683F008F9B02 /* Build configuration list for PBXNativeTarget "Virus" */ = {
			isa = XCConfigurationList;
			buildConfigurations = (
				C6FF68692417683F008F9B02 /* Debug */,
				C6FF686A2417683F008F9B02 /* Release */,
			);
			defaultConfigurationIsVisible = 0;
			defaultConfigurationName = Release;
		};
/* End XCConfigurationList section */
	};
	rootObject = C6FF684C2417683C008F9B02 /* Project object */;
}
