// !$*UTF8*$!
{
	archiveVersion = 1;
	classes = {
	};
	objectVersion = 50;
	objects = {

/* Begin PBXBuildFile section */
		C6FF067D28D0167100FE013E /* SimpleEngine.h in Headers */ = {isa = PBXBuildFile; fileRef = C6FF066328D0167100FE013E /* SimpleEngine.h */; };
		C6FF067E28D0167100FE013E /* Analog.swift in Sources */ = {isa = PBXBuildFile; fileRef = C6FF066628D0167100FE013E /* Analog.swift */; };
		C6FF067F28D0167100FE013E /* AnalogView.swift in Sources */ = {isa = PBXBuildFile; fileRef = C6FF066728D0167100FE013E /* AnalogView.swift */; };
		C6FF068028D0167100FE013E /* Direction.swift in Sources */ = {isa = PBXBuildFile; fileRef = C6FF066828D0167100FE013E /* Direction.swift */; };
		C6FF068128D0167100FE013E /* LivesView.swift in Sources */ = {isa = PBXBuildFile; fileRef = C6FF066A28D0167100FE013E /* LivesView.swift */; };
		C6FF068228D0167100FE013E /* SpriteView.swift in Sources */ = {isa = PBXBuildFile; fileRef = C6FF066D28D0167100FE013E /* SpriteView.swift */; };
		C6FF068328D0167100FE013E /* Frames.swift in Sources */ = {isa = PBXBuildFile; fileRef = C6FF066E28D0167100FE013E /* Frames.swift */; };
		C6FF068428D0167100FE013E /* MovingBackgroundView.swift in Sources */ = {isa = PBXBuildFile; fileRef = C6FF066F28D0167100FE013E /* MovingBackgroundView.swift */; };
		C6FF068528D0167100FE013E /* BackgroundView.swift in Sources */ = {isa = PBXBuildFile; fileRef = C6FF067028D0167100FE013E /* BackgroundView.swift */; };
		C6FF068628D0167100FE013E /* ObjectView.swift in Sources */ = {isa = PBXBuildFile; fileRef = C6FF067128D0167100FE013E /* ObjectView.swift */; };
		C6FF068728D0167100FE013E /* NodeView.swift in Sources */ = {isa = PBXBuildFile; fileRef = C6FF067228D0167100FE013E /* NodeView.swift */; };
		C6FF068828D0167100FE013E /* SceneView.swift in Sources */ = {isa = PBXBuildFile; fileRef = C6FF067328D0167100FE013E /* SceneView.swift */; };
		C6FF068928D0167100FE013E /* DialogView.swift in Sources */ = {isa = PBXBuildFile; fileRef = C6FF067528D0167100FE013E /* DialogView.swift */; };
		C6FF068B28D0167100FE013E /* UIViewController+Helpers.swift in Sources */ = {isa = PBXBuildFile; fileRef = C6FF067828D0167100FE013E /* UIViewController+Helpers.swift */; };
		C6FF068C28D0167100FE013E /* BaseGameViewController.swift in Sources */ = {isa = PBXBuildFile; fileRef = C6FF067928D0167100FE013E /* BaseGameViewController.swift */; };
		C6FF068D28D0167100FE013E /* SimpleMusicPlayer.swift in Sources */ = {isa = PBXBuildFile; fileRef = C6FF067B28D0167100FE013E /* SimpleMusicPlayer.swift */; };
		C6FF068E28D0167100FE013E /* Debouncer.swift in Sources */ = {isa = PBXBuildFile; fileRef = C6FF067C28D0167100FE013E /* Debouncer.swift */; };
/* End PBXBuildFile section */

/* Begin PBXFileReference section */
		C692F9672414BCC40079D5DD /* SimpleEngine.framework */ = {isa = PBXFileReference; explicitFileType = wrapper.framework; includeInIndex = 0; path = SimpleEngine.framework; sourceTree = BUILT_PRODUCTS_DIR; };
		C6FF066328D0167100FE013E /* SimpleEngine.h */ = {isa = PBXFileReference; fileEncoding = 4; lastKnownFileType = sourcecode.c.h; path = SimpleEngine.h; sourceTree = "<group>"; };
		C6FF066628D0167100FE013E /* Analog.swift */ = {isa = PBXFileReference; fileEncoding = 4; lastKnownFileType = sourcecode.swift; path = Analog.swift; sourceTree = "<group>"; };
		C6FF066728D0167100FE013E /* AnalogView.swift */ = {isa = PBXFileReference; fileEncoding = 4; lastKnownFileType = sourcecode.swift; path = AnalogView.swift; sourceTree = "<group>"; };
		C6FF066828D0167100FE013E /* Direction.swift */ = {isa = PBXFileReference; fileEncoding = 4; lastKnownFileType = sourcecode.swift; path = Direction.swift; sourceTree = "<group>"; };
		C6FF066A28D0167100FE013E /* LivesView.swift */ = {isa = PBXFileReference; fileEncoding = 4; lastKnownFileType = sourcecode.swift; path = LivesView.swift; sourceTree = "<group>"; };
		C6FF066D28D0167100FE013E /* SpriteView.swift */ = {isa = PBXFileReference; fileEncoding = 4; lastKnownFileType = sourcecode.swift; path = SpriteView.swift; sourceTree = "<group>"; };
		C6FF066E28D0167100FE013E /* Frames.swift */ = {isa = PBXFileReference; fileEncoding = 4; lastKnownFileType = sourcecode.swift; path = Frames.swift; sourceTree = "<group>"; };
		C6FF066F28D0167100FE013E /* MovingBackgroundView.swift */ = {isa = PBXFileReference; fileEncoding = 4; lastKnownFileType = sourcecode.swift; path = MovingBackgroundView.swift; sourceTree = "<group>"; };
		C6FF067028D0167100FE013E /* BackgroundView.swift */ = {isa = PBXFileReference; fileEncoding = 4; lastKnownFileType = sourcecode.swift; path = BackgroundView.swift; sourceTree = "<group>"; };
		C6FF067128D0167100FE013E /* ObjectView.swift */ = {isa = PBXFileReference; fileEncoding = 4; lastKnownFileType = sourcecode.swift; path = ObjectView.swift; sourceTree = "<group>"; };
		C6FF067228D0167100FE013E /* NodeView.swift */ = {isa = PBXFileReference; fileEncoding = 4; lastKnownFileType = sourcecode.swift; path = NodeView.swift; sourceTree = "<group>"; };
		C6FF067328D0167100FE013E /* SceneView.swift */ = {isa = PBXFileReference; fileEncoding = 4; lastKnownFileType = sourcecode.swift; path = SceneView.swift; sourceTree = "<group>"; };
		C6FF067528D0167100FE013E /* DialogView.swift */ = {isa = PBXFileReference; fileEncoding = 4; lastKnownFileType = sourcecode.swift; path = DialogView.swift; sourceTree = "<group>"; };
		C6FF067628D0167100FE013E /* Info.plist */ = {isa = PBXFileReference; fileEncoding = 4; lastKnownFileType = text.plist.xml; path = Info.plist; sourceTree = "<group>"; };
		C6FF067828D0167100FE013E /* UIViewController+Helpers.swift */ = {isa = PBXFileReference; fileEncoding = 4; lastKnownFileType = sourcecode.swift; path = "UIViewController+Helpers.swift"; sourceTree = "<group>"; };
		C6FF067928D0167100FE013E /* BaseGameViewController.swift */ = {isa = PBXFileReference; fileEncoding = 4; lastKnownFileType = sourcecode.swift; path = BaseGameViewController.swift; sourceTree = "<group>"; };
		C6FF067B28D0167100FE013E /* SimpleMusicPlayer.swift */ = {isa = PBXFileReference; fileEncoding = 4; lastKnownFileType = sourcecode.swift; path = SimpleMusicPlayer.swift; sourceTree = "<group>"; };
		C6FF067C28D0167100FE013E /* Debouncer.swift */ = {isa = PBXFileReference; fileEncoding = 4; lastKnownFileType = sourcecode.swift; path = Debouncer.swift; sourceTree = "<group>"; };
/* End PBXFileReference section */

/* Begin PBXFrameworksBuildPhase section */
		C692F9642414BCC40079D5DD /* Frameworks */ = {
			isa = PBXFrameworksBuildPhase;
			buildActionMask = 2147483647;
			files = (
			);
			runOnlyForDeploymentPostprocessing = 0;
		};
/* End PBXFrameworksBuildPhase section */

/* Begin PBXGroup section */
		C692F95D2414BCC40079D5DD = {
			isa = PBXGroup;
			children = (
				C692F9692414BCC40079D5DD /* SimpleEngine */,
				C692F9682414BCC40079D5DD /* Products */,
			);
			sourceTree = "<group>";
		};
		C692F9682414BCC40079D5DD /* Products */ = {
			isa = PBXGroup;
			children = (
				C692F9672414BCC40079D5DD /* SimpleEngine.framework */,
			);
			name = Products;
			sourceTree = "<group>";
		};
		C692F9692414BCC40079D5DD /* SimpleEngine */ = {
			isa = PBXGroup;
			children = (
				C6FF067928D0167100FE013E /* BaseGameViewController.swift */,
				C6FF067728D0167100FE013E /* Extensions */,
				C6FF067A28D0167100FE013E /* Helpers */,
				C6FF067628D0167100FE013E /* Info.plist */,
				C6FF066328D0167100FE013E /* SimpleEngine.h */,
				C6FF066428D0167100FE013E /* Views */,
			);
			path = SimpleEngine;
			sourceTree = "<group>";
		};
		C6FF066428D0167100FE013E /* Views */ = {
			isa = PBXGroup;
			children = (
				C6FF066528D0167100FE013E /* AnalogView */,
				C6FF066928D0167100FE013E /* Others */,
				C6FF066B28D0167100FE013E /* Objects */,
				C6FF067428D0167100FE013E /* DialogView */,
			);
			path = Views;
			sourceTree = "<group>";
		};
		C6FF066528D0167100FE013E /* AnalogView */ = {
			isa = PBXGroup;
			children = (
				C6FF066628D0167100FE013E /* Analog.swift */,
				C6FF066728D0167100FE013E /* AnalogView.swift */,
				C6FF066828D0167100FE013E /* Direction.swift */,
			);
			path = AnalogView;
			sourceTree = "<group>";
		};
		C6FF066928D0167100FE013E /* Others */ = {
			isa = PBXGroup;
			children = (
				C6FF066A28D0167100FE013E /* LivesView.swift */,
			);
			path = Others;
			sourceTree = "<group>";
		};
		C6FF066B28D0167100FE013E /* Objects */ = {
			isa = PBXGroup;
			children = (
				C6FF066C28D0167100FE013E /* SpriteView */,
				C6FF066F28D0167100FE013E /* MovingBackgroundView.swift */,
				C6FF067028D0167100FE013E /* BackgroundView.swift */,
				C6FF067128D0167100FE013E /* ObjectView.swift */,
				C6FF067228D0167100FE013E /* NodeView.swift */,
				C6FF067328D0167100FE013E /* SceneView.swift */,
			);
			path = Objects;
			sourceTree = "<group>";
		};
		C6FF066C28D0167100FE013E /* SpriteView */ = {
			isa = PBXGroup;
			children = (
				C6FF066D28D0167100FE013E /* SpriteView.swift */,
				C6FF066E28D0167100FE013E /* Frames.swift */,
			);
			path = SpriteView;
			sourceTree = "<group>";
		};
		C6FF067428D0167100FE013E /* DialogView */ = {
			isa = PBXGroup;
			children = (
				C6FF067528D0167100FE013E /* DialogView.swift */,
			);
			path = DialogView;
			sourceTree = "<group>";
		};
		C6FF067728D0167100FE013E /* Extensions */ = {
			isa = PBXGroup;
			children = (
				C6FF067828D0167100FE013E /* UIViewController+Helpers.swift */,
			);
			path = Extensions;
			sourceTree = "<group>";
		};
		C6FF067A28D0167100FE013E /* Helpers */ = {
			isa = PBXGroup;
			children = (
				C6FF067B28D0167100FE013E /* SimpleMusicPlayer.swift */,
				C6FF067C28D0167100FE013E /* Debouncer.swift */,
			);
			path = Helpers;
			sourceTree = "<group>";
		};
/* End PBXGroup section */

/* Begin PBXHeadersBuildPhase section */
		C692F9622414BCC40079D5DD /* Headers */ = {
			isa = PBXHeadersBuildPhase;
			buildActionMask = 2147483647;
			files = (
				C6FF067D28D0167100FE013E /* SimpleEngine.h in Headers */,
			);
			runOnlyForDeploymentPostprocessing = 0;
		};
/* End PBXHeadersBuildPhase section */

/* Begin PBXNativeTarget section */
		C692F9662414BCC40079D5DD /* SimpleEngine */ = {
			isa = PBXNativeTarget;
			buildConfigurationList = C692F96F2414BCC40079D5DD /* Build configuration list for PBXNativeTarget "SimpleEngine" */;
			buildPhases = (
				C6FF068F28D0189500FE013E /* Swiftlint */,
				C692F9622414BCC40079D5DD /* Headers */,
				C692F9632414BCC40079D5DD /* Sources */,
				C692F9642414BCC40079D5DD /* Frameworks */,
				C692F9652414BCC40079D5DD /* Resources */,
			);
			buildRules = (
			);
			dependencies = (
			);
			name = SimpleEngine;
			productName = SimpleEngine;
			productReference = C692F9672414BCC40079D5DD /* SimpleEngine.framework */;
			productType = "com.apple.product-type.framework";
		};
/* End PBXNativeTarget section */

/* Begin PBXProject section */
		C692F95E2414BCC40079D5DD /* Project object */ = {
			isa = PBXProject;
			attributes = {
				LastUpgradeCheck = 1330;
				ORGANIZATIONNAME = abedalkareem;
				TargetAttributes = {
					C692F9662414BCC40079D5DD = {
						CreatedOnToolsVersion = 11.3.1;
						LastSwiftMigration = 1330;
					};
				};
			};
			buildConfigurationList = C692F9612414BCC40079D5DD /* Build configuration list for PBXProject "SimpleEngine" */;
			compatibilityVersion = "Xcode 9.3";
			developmentRegion = en;
			hasScannedForEncodings = 0;
			knownRegions = (
				en,
				Base,
			);
			mainGroup = C692F95D2414BCC40079D5DD;
			productRefGroup = C692F9682414BCC40079D5DD /* Products */;
			projectDirPath = "";
			projectRoot = "";
			targets = (
				C692F9662414BCC40079D5DD /* SimpleEngine */,
			);
		};
/* End PBXProject section */

/* Begin PBXResourcesBuildPhase section */
		C692F9652414BCC40079D5DD /* Resources */ = {
			isa = PBXResourcesBuildPhase;
			buildActionMask = 2147483647;
			files = (
			);
			runOnlyForDeploymentPostprocessing = 0;
		};
/* End PBXResourcesBuildPhase section */

/* Begin PBXShellScriptBuildPhase section */
		C6FF068F28D0189500FE013E /* Swiftlint */ = {
			isa = PBXShellScriptBuildPhase;
			buildActionMask = 2147483647;
			files = (
			);
			inputFileListPaths = (
			);
			inputPaths = (
			);
			name = Swiftlint;
			outputFileListPaths = (
			);
			outputPaths = (
			);
			runOnlyForDeploymentPostprocessing = 0;
			shellPath = /bin/sh;
			shellScript = "if which swiftlint > /dev/null; then\n  swiftlint --config ../.swiftlint.yml\nelse\n  echo \"warning: SwiftLint not installed, download from https://github.com/realm/SwiftLint\"\nfi\n";
		};
/* End PBXShellScriptBuildPhase section */

/* Begin PBXSourcesBuildPhase section */
		C692F9632414BCC40079D5DD /* Sources */ = {
			isa = PBXSourcesBuildPhase;
			buildActionMask = 2147483647;
			files = (
				C6FF068128D0167100FE013E /* LivesView.swift in Sources */,
				C6FF068E28D0167100FE013E /* Debouncer.swift in Sources */,
				C6FF068428D0167100FE013E /* MovingBackgroundView.swift in Sources */,
				C6FF068528D0167100FE013E /* BackgroundView.swift in Sources */,
				C6FF068228D0167100FE013E /* SpriteView.swift in Sources */,
				C6FF068828D0167100FE013E /* SceneView.swift in Sources */,
				C6FF068728D0167100FE013E /* NodeView.swift in Sources */,
				C6FF067F28D0167100FE013E /* AnalogView.swift in Sources */,
				C6FF067E28D0167100FE013E /* Analog.swift in Sources */,
				C6FF068D28D0167100FE013E /* SimpleMusicPlayer.swift in Sources */,
				C6FF068028D0167100FE013E /* Direction.swift in Sources */,
				C6FF068628D0167100FE013E /* ObjectView.swift in Sources */,
				C6FF068928D0167100FE013E /* DialogView.swift in Sources */,
				C6FF068C28D0167100FE013E /* BaseGameViewController.swift in Sources */,
				C6FF068328D0167100FE013E /* Frames.swift in Sources */,
				C6FF068B28D0167100FE013E /* UIViewController+Helpers.swift in Sources */,
			);
			runOnlyForDeploymentPostprocessing = 0;
		};
/* End PBXSourcesBuildPhase section */

/* Begin XCBuildConfiguration section */
		C692F96D2414BCC40079D5DD /* Debug */ = {
			isa = XCBuildConfiguration;
			buildSettings = {
				ALWAYS_SEARCH_USER_PATHS = NO;
				CLANG_ANALYZER_NONNULL = YES;
				CLANG_ANALYZER_NUMBER_OBJECT_CONVERSION = YES_AGGRESSIVE;
				CLANG_CXX_LANGUAGE_STANDARD = "gnu++14";
				CLANG_CXX_LIBRARY = "libc++";
				CLANG_ENABLE_MODULES = YES;
				CLANG_ENABLE_OBJC_ARC = YES;
				CLANG_ENABLE_OBJC_WEAK = YES;
				CLANG_WARN_BLOCK_CAPTURE_AUTORELEASING = YES;
				CLANG_WARN_BOOL_CONVERSION = YES;
				CLANG_WARN_COMMA = YES;
				CLANG_WARN_CONSTANT_CONVERSION = YES;
				CLANG_WARN_DEPRECATED_OBJC_IMPLEMENTATIONS = YES;
				CLANG_WARN_DIRECT_OBJC_ISA_USAGE = YES_ERROR;
				CLANG_WARN_DOCUMENTATION_COMMENTS = YES;
				CLANG_WARN_EMPTY_BODY = YES;
				CLANG_WARN_ENUM_CONVERSION = YES;
				CLANG_WARN_INFINITE_RECURSION = YES;
				CLANG_WARN_INT_CONVERSION = YES;
				CLANG_WARN_NON_LITERAL_NULL_CONVERSION = YES;
				CLANG_WARN_OBJC_IMPLICIT_RETAIN_SELF = YES;
				CLANG_WARN_OBJC_LITERAL_CONVERSION = YES;
				CLANG_WARN_OBJC_ROOT_CLASS = YES_ERROR;
				CLANG_WARN_QUOTED_INCLUDE_IN_FRAMEWORK_HEADER = YES;
				CLANG_WARN_RANGE_LOOP_ANALYSIS = YES;
				CLANG_WARN_STRICT_PROTOTYPES = YES;
				CLANG_WARN_SUSPICIOUS_MOVE = YES;
				CLANG_WARN_UNGUARDED_AVAILABILITY = YES_AGGRESSIVE;
				CLANG_WARN_UNREACHABLE_CODE = YES;
				CLANG_WARN__DUPLICATE_METHOD_MATCH = YES;
				COPY_PHASE_STRIP = NO;
				CURRENT_PROJECT_VERSION = 1;
				DEBUG_INFORMATION_FORMAT = dwarf;
				ENABLE_STRICT_OBJC_MSGSEND = YES;
				ENABLE_TESTABILITY = YES;
				GCC_C_LANGUAGE_STANDARD = gnu11;
				GCC_DYNAMIC_NO_PIC = NO;
				GCC_NO_COMMON_BLOCKS = YES;
				GCC_OPTIMIZATION_LEVEL = 0;
				GCC_PREPROCESSOR_DEFINITIONS = (
					"DEBUG=1",
					"$(inherited)",
				);
				GCC_WARN_64_TO_32_BIT_CONVERSION = YES;
				GCC_WARN_ABOUT_RETURN_TYPE = YES_ERROR;
				GCC_WARN_UNDECLARED_SELECTOR = YES;
				GCC_WARN_UNINITIALIZED_AUTOS = YES_AGGRESSIVE;
				GCC_WARN_UNUSED_FUNCTION = YES;
				GCC_WARN_UNUSED_VARIABLE = YES;
				IPHONEOS_DEPLOYMENT_TARGET = 14.0;
				MTL_ENABLE_DEBUG_INFO = INCLUDE_SOURCE;
				MTL_FAST_MATH = YES;
				ONLY_ACTIVE_ARCH = YES;
				SDKROOT = iphoneos;
				SWIFT_ACTIVE_COMPILATION_CONDITIONS = DEBUG;
				SWIFT_OPTIMIZATION_LEVEL = "-Onone";
				VERSIONING_SYSTEM = "apple-generic";
				VERSION_INFO_PREFIX = "";
			};
			name = Debug;
		};
		C692F96E2414BCC40079D5DD /* Release */ = {
			isa = XCBuildConfiguration;
			buildSettings = {
				ALWAYS_SEARCH_USER_PATHS = NO;
				CLANG_ANALYZER_NONNULL = YES;
				CLANG_ANALYZER_NUMBER_OBJECT_CONVERSION = YES_AGGRESSIVE;
				CLANG_CXX_LANGUAGE_STANDARD = "gnu++14";
				CLANG_CXX_LIBRARY = "libc++";
				CLANG_ENABLE_MODULES = YES;
				CLANG_ENABLE_OBJC_ARC = YES;
				CLANG_ENABLE_OBJC_WEAK = YES;
				CLANG_WARN_BLOCK_CAPTURE_AUTORELEASING = YES;
				CLANG_WARN_BOOL_CONVERSION = YES;
				CLANG_WARN_COMMA = YES;
				CLANG_WARN_CONSTANT_CONVERSION = YES;
				CLANG_WARN_DEPRECATED_OBJC_IMPLEMENTATIONS = YES;
				CLANG_WARN_DIRECT_OBJC_ISA_USAGE = YES_ERROR;
				CLANG_WARN_DOCUMENTATION_COMMENTS = YES;
				CLANG_WARN_EMPTY_BODY = YES;
				CLANG_WARN_ENUM_CONVERSION = YES;
				CLANG_WARN_INFINITE_RECURSION = YES;
				CLANG_WARN_INT_CONVERSION = YES;
				CLANG_WARN_NON_LITERAL_NULL_CONVERSION = YES;
				CLANG_WARN_OBJC_IMPLICIT_RETAIN_SELF = YES;
				CLANG_WARN_OBJC_LITERAL_CONVERSION = YES;
				CLANG_WARN_OBJC_ROOT_CLASS = YES_ERROR;
				CLANG_WARN_QUOTED_INCLUDE_IN_FRAMEWORK_HEADER = YES;
				CLANG_WARN_RANGE_LOOP_ANALYSIS = YES;
				CLANG_WARN_STRICT_PROTOTYPES = YES;
				CLANG_WARN_SUSPICIOUS_MOVE = YES;
				CLANG_WARN_UNGUARDED_AVAILABILITY = YES_AGGRESSIVE;
				CLANG_WARN_UNREACHABLE_CODE = YES;
				CLANG_WARN__DUPLICATE_METHOD_MATCH = YES;
				COPY_PHASE_STRIP = NO;
				CURRENT_PROJECT_VERSION = 1;
				DEBUG_INFORMATION_FORMAT = "dwarf-with-dsym";
				ENABLE_NS_ASSERTIONS = NO;
				ENABLE_STRICT_OBJC_MSGSEND = YES;
				GCC_C_LANGUAGE_STANDARD = gnu11;
				GCC_NO_COMMON_BLOCKS = YES;
				GCC_WARN_64_TO_32_BIT_CONVERSION = YES;
				GCC_WARN_ABOUT_RETURN_TYPE = YES_ERROR;
				GCC_WARN_UNDECLARED_SELECTOR = YES;
				GCC_WARN_UNINITIALIZED_AUTOS = YES_AGGRESSIVE;
				GCC_WARN_UNUSED_FUNCTION = YES;
				GCC_WARN_UNUSED_VARIABLE = YES;
				IPHONEOS_DEPLOYMENT_TARGET = 14.0;
				MTL_ENABLE_DEBUG_INFO = NO;
				MTL_FAST_MATH = YES;
				SDKROOT = iphoneos;
				SWIFT_COMPILATION_MODE = wholemodule;
				SWIFT_OPTIMIZATION_LEVEL = "-O";
				VALIDATE_PRODUCT = YES;
				VERSIONING_SYSTEM = "apple-generic";
				VERSION_INFO_PREFIX = "";
			};
			name = Release;
		};
		C692F9702414BCC40079D5DD /* Debug */ = {
			isa = XCBuildConfiguration;
			buildSettings = {
				CLANG_ENABLE_MODULES = YES;
				CODE_SIGN_STYLE = Automatic;
				DEFINES_MODULE = YES;
				DYLIB_COMPATIBILITY_VERSION = 1;
				DYLIB_CURRENT_VERSION = 1;
				DYLIB_INSTALL_NAME_BASE = "@rpath";
				INFOPLIST_FILE = SimpleEngine/Info.plist;
				INSTALL_PATH = "$(LOCAL_LIBRARY_DIR)/Frameworks";
				LD_RUNPATH_SEARCH_PATHS = (
					"$(inherited)",
					"@executable_path/Frameworks",
					"@loader_path/Frameworks",
				);
				PRODUCT_BUNDLE_IDENTIFIER = abedalkareem.SimpleEngine;
				PRODUCT_NAME = "$(TARGET_NAME:c99extidentifier)";
				SKIP_INSTALL = YES;
				SWIFT_OPTIMIZATION_LEVEL = "-Onone";
				SWIFT_VERSION = 5.0;
				TARGETED_DEVICE_FAMILY = "1,2";
			};
			name = Debug;
		};
		C692F9712414BCC40079D5DD /* Release */ = {
			isa = XCBuildConfiguration;
			buildSettings = {
				CLANG_ENABLE_MODULES = YES;
				CODE_SIGN_STYLE = Automatic;
				DEFINES_MODULE = YES;
				DYLIB_COMPATIBILITY_VERSION = 1;
				DYLIB_CURRENT_VERSION = 1;
				DYLIB_INSTALL_NAME_BASE = "@rpath";
				INFOPLIST_FILE = SimpleEngine/Info.plist;
				INSTALL_PATH = "$(LOCAL_LIBRARY_DIR)/Frameworks";
				LD_RUNPATH_SEARCH_PATHS = (
					"$(inherited)",
					"@executable_path/Frameworks",
					"@loader_path/Frameworks",
				);
				PRODUCT_BUNDLE_IDENTIFIER = abedalkareem.SimpleEngine;
				PRODUCT_NAME = "$(TARGET_NAME:c99extidentifier)";
				SKIP_INSTALL = YES;
				SWIFT_VERSION = 5.0;
				TARGETED_DEVICE_FAMILY = "1,2";
			};
			name = Release;
		};
/* End XCBuildConfiguration section */

/* Begin XCConfigurationList section */
		C692F9612414BCC40079D5DD /* Build configuration list for PBXProject "SimpleEngine" */ = {
			isa = XCConfigurationList;
			buildConfigurations = (
				C692F96D2414BCC40079D5DD /* Debug */,
				C692F96E2414BCC40079D5DD /* Release */,
			);
			defaultConfigurationIsVisible = 0;
			defaultConfigurationName = Release;
		};
		C692F96F2414BCC40079D5DD /* Build configuration list for PBXNativeTarget "SimpleEngine" */ = {
			isa = XCConfigurationList;
			buildConfigurations = (
				C692F9702414BCC40079D5DD /* Debug */,
				C692F9712414BCC40079D5DD /* Release */,
			);
			defaultConfigurationIsVisible = 0;
			defaultConfigurationName = Release;
		};
/* End XCConfigurationList section */
	};
	rootObject = C692F95E2414BCC40079D5DD /* Project object */;
}
